
Microsoft Visual Studio Solution File, Format Version 12.00
# Visual Studio Version 17
VisualStudioVersion = 17.0.31903.59
MinimumVisualStudioVersion = 10.0.40219.1
Project("{FAE04EC0-301F-11D3-BF4B-00C04F79EFBC}") = "lazydotnet", "lazydotnet\lazydotnet.csproj", "{AACCCC6A-27E4-43BE-8E09-83E02C7FC181}"
EndProject
Global
	GlobalSection(SolutionConfigurationPlatforms) = preSolution
		Debug|Any CPU = Debug|Any CPU
		Release|Any CPU = Release|Any CPU
	EndGlobalSection
	GlobalSection(SolutionProperties) = preSolution
		HideSolutionNode = FALSE
	EndGlobalSection
	GlobalSection(ProjectConfigurationPlatforms) = postSolution
		{AACCCC6A-27E4-43BE-8E09-83E02C7FC181}.Debug|Any CPU.ActiveCfg = Debug|Any CPU
		{AACCCC6A-27E4-43BE-8E09-83E02C7FC181}.Debug|Any CPU.Build.0 = Debug|Any CPU
		{AACCCC6A-27E4-43BE-8E09-83E02C7FC181}.Release|Any CPU.ActiveCfg = Release|Any CPU
		{AACCCC6A-27E4-43BE-8E09-83E02C7FC181}.Release|Any CPU.Build.0 = Release|Any CPU
	EndGlobalSection
EndGlobal
